<?xml version="1.0" encoding="UTF-8" standalone="yes" ?>
<CodeBlocks_project_file>
	<FileVersion major="1" minor="6" />
	<Project>
		<Option title="RPGGame" />
		<Option pch_mode="2" />
		<Option compiler="gcc" />
		<Build>
			<Target title="Debug">
				<Option output="bin/Debug/RPGGame" prefix_auto="1" extension_auto="1" />
				<Option object_output="obj/Debug/" />
				<Option type="1" />
				<Option compiler="gcc" />
				<Compiler>
					<Add option="-g" />
					<Add directory="Librerias/SFML-2.6.2/include" />
				</Compiler>
				<Linker>
					<Add library="sfml-graphics-d" />
					<Add library="sfml-window-d" />
					<Add library="sfml-system-d" />
					<Add library="sfml-audio-d" />
					<Add library="sfml-network-d" />
					<Add directory="Librerias/SFML-2.6.2/lib" />
				</Linker>
			</Target>
			<Target title="Release">
				<Option output="bin/Release/RPGGame" prefix_auto="1" extension_auto="1" />
				<Option object_output="obj/Release/" />
				<Option type="1" />
				<Option compiler="gcc" />
				<Compiler>
					<Add option="-O2" />
				</Compiler>
				<Linker>
					<Add option="-s" />
					<Add library="sfml-graphics" />
					<Add library="sfml-window" />
					<Add library="sfml-system" />
					<Add library="sfml-audio" />
					<Add library="sfml-network" />
				</Linker>
			</Target>
		</Build>
		<Compiler>
			<Add option="-Wall" />
			<Add option="-fexceptions" />
			<Add directory="Librerias/SFML-2.6.2/include" />
		</Compiler>
		<Linker>
			<Add directory="Librerias/SFML-2.6.2/lib" />
		</Linker>
		<Unit filename="Character.cpp" />
		<Unit filename="Character.h" />
		<Unit filename="DungeonGenerator.cpp" />
		<Unit filename="DungeonGenerator.h" />
		<Unit filename="Enemigos.cpp" />
		<Unit filename="Enemigos.h" />
		<Unit filename="Entity.cpp" />
		<Unit filename="Entity.h" />
		<Unit filename="GameConfig.cpp" />
		<Unit filename="GameConfig.h" />
		<Unit filename="Game_Class.cpp" />
		<Unit filename="Game_Class.h" />
		<Unit filename="Game_MapTiles.cpp" />
		<Unit filename="Game_MapTiles.h" />
		<Unit filename="HUD.cpp" />
		<Unit filename="HUD.h" />
		<Unit filename="Habitacion.cpp" />
		<Unit filename="Habitacion.h" />
		<Unit filename="Items.cpp" />
		<Unit filename="Items.h" />
		<Unit filename="Jugador.cpp" />
		<Unit filename="Jugador.h" />
		<Unit filename="MainMenu.cpp" />
		<Unit filename="MainMenu.h" />
		<Unit filename="Proyectil.cpp" />
		<Unit filename="Proyectil.h" />
		<Unit filename="RoomTemplates.h" />
		<Unit filename="SaveManager.cpp" />
		<Unit filename="SaveManager.h" />
		<Unit filename="Sprites ejemplo/player_sprites_ejemplo.png" />
		<Unit filename="json.hpp" />
		<Unit filename="main.cpp" />
		<Extensions>
			<lib_finder disable_auto="1" />
		</Extensions>
	</Project>
</CodeBlocks_project_file>
